
Microsoft Visual Studio Solution File, Format Version 12.00
# Visual Studio 15
VisualStudioVersion = 15.0.28010.2046
MinimumVisualStudioVersion = 10.0.40219.1
Project("{FAE04EC0-301F-11D3-BF4B-00C04F79EFBC}") = "Logic_StudioX", "Logic_StudioX\Logic_StudioX.csproj", "{ACFB95E0-D66B-4AFD-BB98-D28769729359}"
EndProject
Project("{FAE04EC0-301F-11D3-BF4B-00C04F79EFBC}") = "Logic_StudioX.Tests", "Logic_StudioXTests\Logic_StudioX.Tests.csproj", "{608CB59C-374B-4CA2-9D1D-B738D965A218}"
EndProject
Project("{FAE04EC0-301F-11D3-BF4B-00C04F79EFBC}") = "DAL_StudioX", "DAL_StudioX\DAL_StudioX.csproj", "{63315BDA-0B19-4CFE-8AA5-85C94FC256F6}"
EndProject
Project("{FAE04EC0-301F-11D3-BF4B-00C04F79EFBC}") = "DAL_Interface_StudioX", "DAL_Interface_StudioX\DAL_Interface_StudioX.csproj", "{BA6FAD5F-AB38-4464-853B-A2C9C16A42C3}"
EndProject
Project("{FAE04EC0-301F-11D3-BF4B-00C04F79EFBC}") = "Factory_StudioX", "Factory_StudioX\Factory_StudioX.csproj", "{F01790C0-3C88-4C68-A9A3-0AC64E190549}"
EndProject
Project("{FAE04EC0-301F-11D3-BF4B-00C04F79EFBC}") = "DAL_StudioXTests", "DAL_StudioXTests\DAL_StudioXTests.csproj", "{6588D20F-E6B4-431B-B818-29DC654B4F30}"
EndProject
Project("{FAE04EC0-301F-11D3-BF4B-00C04F79EFBC}") = "Logic_Interface_StudioX", "Logic_Interface_StudioX\Logic_Interface_StudioX.csproj", "{99C0C856-13F3-4EBD-98C0-29E536A9FA47}"
EndProject
Project("{FAE04EC0-301F-11D3-BF4B-00C04F79EFBC}") = "Enums", "Enums\Enums.csproj", "{07CC319C-36C4-4E70-87A6-DCC04617517D}"
EndProject
Project("{9A19103F-16F7-4668-BE54-9A1E7A4F7556}") = "UI_StudioX", "UI_StudioX\UI_StudioX.csproj", "{02B8448C-BD06-4E66-ABE8-D7F157478DBC}"
EndProject
Global
	GlobalSection(SolutionConfigurationPlatforms) = preSolution
		Debug|Any CPU = Debug|Any CPU
		Release|Any CPU = Release|Any CPU
	EndGlobalSection
	GlobalSection(ProjectConfigurationPlatforms) = postSolution
		{ACFB95E0-D66B-4AFD-BB98-D28769729359}.Debug|Any CPU.ActiveCfg = Debug|Any CPU
		{ACFB95E0-D66B-4AFD-BB98-D28769729359}.Debug|Any CPU.Build.0 = Debug|Any CPU
		{ACFB95E0-D66B-4AFD-BB98-D28769729359}.Release|Any CPU.ActiveCfg = Release|Any CPU
		{ACFB95E0-D66B-4AFD-BB98-D28769729359}.Release|Any CPU.Build.0 = Release|Any CPU
		{608CB59C-374B-4CA2-9D1D-B738D965A218}.Debug|Any CPU.ActiveCfg = Debug|Any CPU
		{608CB59C-374B-4CA2-9D1D-B738D965A218}.Debug|Any CPU.Build.0 = Debug|Any CPU
		{608CB59C-374B-4CA2-9D1D-B738D965A218}.Release|Any CPU.ActiveCfg = Release|Any CPU
		{608CB59C-374B-4CA2-9D1D-B738D965A218}.Release|Any CPU.Build.0 = Release|Any CPU
		{63315BDA-0B19-4CFE-8AA5-85C94FC256F6}.Debug|Any CPU.ActiveCfg = Debug|Any CPU
		{63315BDA-0B19-4CFE-8AA5-85C94FC256F6}.Debug|Any CPU.Build.0 = Debug|Any CPU
		{63315BDA-0B19-4CFE-8AA5-85C94FC256F6}.Release|Any CPU.ActiveCfg = Release|Any CPU
		{63315BDA-0B19-4CFE-8AA5-85C94FC256F6}.Release|Any CPU.Build.0 = Release|Any CPU
		{BA6FAD5F-AB38-4464-853B-A2C9C16A42C3}.Debug|Any CPU.ActiveCfg = Debug|Any CPU
		{BA6FAD5F-AB38-4464-853B-A2C9C16A42C3}.Debug|Any CPU.Build.0 = Debug|Any CPU
		{BA6FAD5F-AB38-4464-853B-A2C9C16A42C3}.Release|Any CPU.ActiveCfg = Release|Any CPU
		{BA6FAD5F-AB38-4464-853B-A2C9C16A42C3}.Release|Any CPU.Build.0 = Release|Any CPU
		{F01790C0-3C88-4C68-A9A3-0AC64E190549}.Debug|Any CPU.ActiveCfg = Debug|Any CPU
		{F01790C0-3C88-4C68-A9A3-0AC64E190549}.Debug|Any CPU.Build.0 = Debug|Any CPU
		{F01790C0-3C88-4C68-A9A3-0AC64E190549}.Release|Any CPU.ActiveCfg = Release|Any CPU
		{F01790C0-3C88-4C68-A9A3-0AC64E190549}.Release|Any CPU.Build.0 = Release|Any CPU
		{6588D20F-E6B4-431B-B818-29DC654B4F30}.Debug|Any CPU.ActiveCfg = Debug|Any CPU
		{6588D20F-E6B4-431B-B818-29DC654B4F30}.Debug|Any CPU.Build.0 = Debug|Any CPU
		{6588D20F-E6B4-431B-B818-29DC654B4F30}.Release|Any CPU.ActiveCfg = Release|Any CPU
		{6588D20F-E6B4-431B-B818-29DC654B4F30}.Release|Any CPU.Build.0 = Release|Any CPU
		{99C0C856-13F3-4EBD-98C0-29E536A9FA47}.Debug|Any CPU.ActiveCfg = Debug|Any CPU
		{99C0C856-13F3-4EBD-98C0-29E536A9FA47}.Debug|Any CPU.Build.0 = Debug|Any CPU
		{99C0C856-13F3-4EBD-98C0-29E536A9FA47}.Release|Any CPU.ActiveCfg = Release|Any CPU
		{99C0C856-13F3-4EBD-98C0-29E536A9FA47}.Release|Any CPU.Build.0 = Release|Any CPU
		{07CC319C-36C4-4E70-87A6-DCC04617517D}.Debug|Any CPU.ActiveCfg = Debug|Any CPU
		{07CC319C-36C4-4E70-87A6-DCC04617517D}.Debug|Any CPU.Build.0 = Debug|Any CPU
		{07CC319C-36C4-4E70-87A6-DCC04617517D}.Release|Any CPU.ActiveCfg = Release|Any CPU
		{07CC319C-36C4-4E70-87A6-DCC04617517D}.Release|Any CPU.Build.0 = Release|Any CPU
		{02B8448C-BD06-4E66-ABE8-D7F157478DBC}.Debug|Any CPU.ActiveCfg = Debug|Any CPU
		{02B8448C-BD06-4E66-ABE8-D7F157478DBC}.Debug|Any CPU.Build.0 = Debug|Any CPU
		{02B8448C-BD06-4E66-ABE8-D7F157478DBC}.Release|Any CPU.ActiveCfg = Release|Any CPU
		{02B8448C-BD06-4E66-ABE8-D7F157478DBC}.Release|Any CPU.Build.0 = Release|Any CPU
	EndGlobalSection
	GlobalSection(SolutionProperties) = preSolution
		HideSolutionNode = FALSE
	EndGlobalSection
	GlobalSection(ExtensibilityGlobals) = postSolution
		SolutionGuid = {32C4510C-C9EC-406B-8191-275538E7BFD5}
	EndGlobalSection
EndGlobal
